
Microsoft Visual Studio Solution File, Format Version 12.00
# Visual Studio 15
VisualStudioVersion = 15.0.26730.16
MinimumVisualStudioVersion = 10.0.40219.1
Project("{FAE04EC0-301F-11D3-BF4B-00C04F79EFBC}") = "TestSelenium", "TestSelenium\TestSelenium.csproj", "{C795209A-1C2A-49FD-85A9-785BEA599101}"
EndProject
Global
	GlobalSection(SolutionConfigurationPlatforms) = preSolution
		Debug|Any CPU = Debug|Any CPU
		Release|Any CPU = Release|Any CPU
	EndGlobalSection
	GlobalSection(ProjectConfigurationPlatforms) = postSolution
		{C795209A-1C2A-49FD-85A9-785BEA599101}.Debug|Any CPU.ActiveCfg = Debug|Any CPU
		{C795209A-1C2A-49FD-85A9-785BEA599101}.Debug|Any CPU.Build.0 = Debug|Any CPU
		{C795209A-1C2A-49FD-85A9-785BEA599101}.Release|Any CPU.ActiveCfg = Release|Any CPU
		{C795209A-1C2A-49FD-85A9-785BEA599101}.Release|Any CPU.Build.0 = Release|Any CPU
	EndGlobalSection
	GlobalSection(SolutionProperties) = preSolution
		HideSolutionNode = FALSE
	EndGlobalSection
	GlobalSection(ExtensibilityGlobals) = postSolution
		SolutionGuid = {DFB4F193-23F4-4068-855B-0080A54A6716}
	EndGlobalSection
EndGlobal
